// !$*UTF8*$!
{
	archiveVersion = 1;
	classes = {
	};
	objectVersion = 48;
	objects = {

/* Begin PBXBuildFile section */
		4F393A291C3C8BCD00B3EA13 /* main.swift in Sources */ = {isa = PBXBuildFile; fileRef = 4F393A281C3C8BCD00B3EA13 /* main.swift */; };
		4FD6C47A1B754AF1002F9F90 /* AppDelegate.swift in Sources */ = {isa = PBXBuildFile; fileRef = 4FD6C4791B754AF1002F9F90 /* AppDelegate.swift */; };
		4FD6C49F1B755242002F9F90 /* RootViewController.swift in Sources */ = {isa = PBXBuildFile; fileRef = 4FD6C49C1B755242002F9F90 /* RootViewController.swift */; };
		4FD6C4A01B755242002F9F90 /* InitialViewController.swift in Sources */ = {isa = PBXBuildFile; fileRef = 4FD6C49D1B755242002F9F90 /* InitialViewController.swift */; };
		74E41257FB628160F9C33427 /* Pods_BeBetterTests.framework in Frameworks */ = {isa = PBXBuildFile; fileRef = 4881799173BF47FE58F7A5E7 /* Pods_BeBetterTests.framework */; };
		78A235BD93AB7D080D67CD51 /* Pods_BeBetter.framework in Frameworks */ = {isa = PBXBuildFile; fileRef = 82A29C75280BDF73123F14B4 /* Pods_BeBetter.framework */; };
		B7168FBC1FACC6F900A48DB5 /* LaunchScreen.storyboard in Resources */ = {isa = PBXBuildFile; fileRef = B7168FBB1FACC6F900A48DB5 /* LaunchScreen.storyboard */; };
		CEA8CA041F071B2300448B51 /* Images.xcassets in Resources */ = {isa = PBXBuildFile; fileRef = CEA8CA031F071B2300448B51 /* Images.xcassets */; };
		DE3639382121B57C00634BCC /* BeBetterTests.swift in Sources */ = {isa = PBXBuildFile; fileRef = DE3639372121B57C00634BCC /* BeBetterTests.swift */; };
		DE3639422121B60B00634BCC /* FriendsListView.swift in Sources */ = {isa = PBXBuildFile; fileRef = DE3639412121B60B00634BCC /* FriendsListView.swift */; };
		DE3639442121B63A00634BCC /* FriendsListViewModel.swift in Sources */ = {isa = PBXBuildFile; fileRef = DE3639432121B63A00634BCC /* FriendsListViewModel.swift */; };
		DE3639462121B75000634BCC /* FriendsListView.xib in Resources */ = {isa = PBXBuildFile; fileRef = DE3639452121B75000634BCC /* FriendsListView.xib */; };
		DE3639492121B7C800634BCC /* Person.swift in Sources */ = {isa = PBXBuildFile; fileRef = DE3639482121B7C800634BCC /* Person.swift */; };
		DE36394B2121BB1B00634BCC /* FriendTableViewCell.swift in Sources */ = {isa = PBXBuildFile; fileRef = DE36394A2121BB1B00634BCC /* FriendTableViewCell.swift */; };
		DE36394D2121BB2D00634BCC /* FriendTableViewCell.xib in Resources */ = {isa = PBXBuildFile; fileRef = DE36394C2121BB2D00634BCC /* FriendTableViewCell.xib */; };
		DE3639542121C60000634BCC /* Interface.storyboard in Resources */ = {isa = PBXBuildFile; fileRef = DE3639522121C60000634BCC /* Interface.storyboard */; };
		DE3639562121C60000634BCC /* Assets.xcassets in Resources */ = {isa = PBXBuildFile; fileRef = DE3639552121C60000634BCC /* Assets.xcassets */; };
		DE36395D2121C60000634BCC /* WatchApp Extension.appex in Embed App Extensions */ = {isa = PBXBuildFile; fileRef = DE36395C2121C60000634BCC /* WatchApp Extension.appex */; settings = {ATTRIBUTES = (RemoveHeadersOnCopy, ); }; };
		DE3639622121C60000634BCC /* InterfaceController.swift in Sources */ = {isa = PBXBuildFile; fileRef = DE3639612121C60000634BCC /* InterfaceController.swift */; };
		DE3639642121C60000634BCC /* ExtensionDelegate.swift in Sources */ = {isa = PBXBuildFile; fileRef = DE3639632121C60000634BCC /* ExtensionDelegate.swift */; };
		DE3639662121C60000634BCC /* NotificationController.swift in Sources */ = {isa = PBXBuildFile; fileRef = DE3639652121C60000634BCC /* NotificationController.swift */; };
		DE3639682121C60000634BCC /* Assets.xcassets in Resources */ = {isa = PBXBuildFile; fileRef = DE3639672121C60000634BCC /* Assets.xcassets */; };
		DE36396D2121C60000634BCC /* WatchApp.app in Embed Watch Content */ = {isa = PBXBuildFile; fileRef = DE3639502121C60000634BCC /* WatchApp.app */; };
		DE3639792121CAB200634BCC /* FriendRow.swift in Sources */ = {isa = PBXBuildFile; fileRef = DE3639782121CAB200634BCC /* FriendRow.swift */; };
		DE36397C21220F6F00634BCC /* FriendListViewModel.swift in Sources */ = {isa = PBXBuildFile; fileRef = DE36397B21220F6F00634BCC /* FriendListViewModel.swift */; };
		DE36397D21220F8200634BCC /* Person.swift in Sources */ = {isa = PBXBuildFile; fileRef = DE3639482121B7C800634BCC /* Person.swift */; };
		DE3639812122172F00634BCC /* WatchConnectivityServer.swift in Sources */ = {isa = PBXBuildFile; fileRef = DE3639802122172F00634BCC /* WatchConnectivityServer.swift */; };
		DE369B34213AB1D400AE9381 /* Theme.swift in Sources */ = {isa = PBXBuildFile; fileRef = DE369B33213AB1D300AE9381 /* Theme.swift */; };
		DE369B37213ABAE500AE9381 /* UIView+Extensions.swift in Sources */ = {isa = PBXBuildFile; fileRef = DE369B36213ABAE500AE9381 /* UIView+Extensions.swift */; };
		DE369B38213ABB2F00AE9381 /* Theme.swift in Sources */ = {isa = PBXBuildFile; fileRef = DE369B33213AB1D300AE9381 /* Theme.swift */; };
		DE369B3A213AC34500AE9381 /* BetterNavigationController.swift in Sources */ = {isa = PBXBuildFile; fileRef = DE369B39213AC34500AE9381 /* BetterNavigationController.swift */; };
		DE369B3C213AC40A00AE9381 /* Constants.swift in Sources */ = {isa = PBXBuildFile; fileRef = DE369B3B213AC40A00AE9381 /* Constants.swift */; };
		DE369B3E213AC46D00AE9381 /* Localizable.strings in Resources */ = {isa = PBXBuildFile; fileRef = DE369B3D213AC46D00AE9381 /* Localizable.strings */; };
		DE369B3F213AC47400AE9381 /* Localizable.strings in Resources */ = {isa = PBXBuildFile; fileRef = DE369B3D213AC46D00AE9381 /* Localizable.strings */; };
		DE369B40213AC47900AE9381 /* Constants.swift in Sources */ = {isa = PBXBuildFile; fileRef = DE369B3B213AC40A00AE9381 /* Constants.swift */; };
		DE7769602126E21F00D02A3C /* HealthMonitor.swift in Sources */ = {isa = PBXBuildFile; fileRef = DE77695F2126E21F00D02A3C /* HealthMonitor.swift */; };
		DE7769622126E31C00D02A3C /* HealthKit.framework in Frameworks */ = {isa = PBXBuildFile; fileRef = DE7769612126E31C00D02A3C /* HealthKit.framework */; };
		DE7BEEB52128562900F11D16 /* Datastore.swift in Sources */ = {isa = PBXBuildFile; fileRef = DE7BEEB42128562900F11D16 /* Datastore.swift */; };
		DE7BEEB621285D8F00F11D16 /* Datastore.swift in Sources */ = {isa = PBXBuildFile; fileRef = DE7BEEB42128562900F11D16 /* Datastore.swift */; };
		DEDD1ABC2125B3B4009C61CF /* CompetitionService.swift in Sources */ = {isa = PBXBuildFile; fileRef = DEDD1ABB2125B3B3009C61CF /* CompetitionService.swift */; };
		DEDD1ABF2125BB0D009C61CF /* WatchConnectivityClient.swift in Sources */ = {isa = PBXBuildFile; fileRef = DEDD1ABE2125BB0D009C61CF /* WatchConnectivityClient.swift */; };
		EBA073DACDB4E5B56ED14725 /* Pods_WatchApp_Extension.framework in Frameworks */ = {isa = PBXBuildFile; fileRef = 8E0EE08CB3C830D8ED186259 /* Pods_WatchApp_Extension.framework */; };
/* End PBXBuildFile section */

/* Begin PBXContainerItemProxy section */
		DE36393A2121B57C00634BCC /* PBXContainerItemProxy */ = {
			isa = PBXContainerItemProxy;
			containerPortal = 4FD6C46C1B754AF1002F9F90 /* Project object */;
			proxyType = 1;
			remoteGlobalIDString = 4FD6C4731B754AF1002F9F90;
			remoteInfo = BeBetter;
		};
		DE36395E2121C60000634BCC /* PBXContainerItemProxy */ = {
			isa = PBXContainerItemProxy;
			containerPortal = 4FD6C46C1B754AF1002F9F90 /* Project object */;
			proxyType = 1;
			remoteGlobalIDString = DE36395B2121C60000634BCC;
			remoteInfo = "WatchApp Extension";
		};
		DE36396B2121C60000634BCC /* PBXContainerItemProxy */ = {
			isa = PBXContainerItemProxy;
			containerPortal = 4FD6C46C1B754AF1002F9F90 /* Project object */;
			proxyType = 1;
			remoteGlobalIDString = DE36394F2121C60000634BCC;
			remoteInfo = WatchApp;
		};
/* End PBXContainerItemProxy section */

/* Begin PBXCopyFilesBuildPhase section */
		DE3639712121C60000634BCC /* Embed App Extensions */ = {
			isa = PBXCopyFilesBuildPhase;
			buildActionMask = 2147483647;
			dstPath = "";
			dstSubfolderSpec = 13;
			files = (
				DE36395D2121C60000634BCC /* WatchApp Extension.appex in Embed App Extensions */,
			);
			name = "Embed App Extensions";
			runOnlyForDeploymentPostprocessing = 0;
		};
		DE3639752121C60000634BCC /* Embed Watch Content */ = {
			isa = PBXCopyFilesBuildPhase;
			buildActionMask = 2147483647;
			dstPath = "$(CONTENTS_FOLDER_PATH)/Watch";
			dstSubfolderSpec = 16;
			files = (
				DE36396D2121C60000634BCC /* WatchApp.app in Embed Watch Content */,
			);
			name = "Embed Watch Content";
			runOnlyForDeploymentPostprocessing = 0;
		};
/* End PBXCopyFilesBuildPhase section */

/* Begin PBXFileReference section */
		045D1C5BC2F1EADFDFB3671E /* Pods-BeBetter.release.xcconfig */ = {isa = PBXFileReference; includeInIndex = 1; lastKnownFileType = text.xcconfig; name = "Pods-BeBetter.release.xcconfig"; path = "Pods/Target Support Files/Pods-BeBetter/Pods-BeBetter.release.xcconfig"; sourceTree = "<group>"; };
		1910FB80C50028BB9F05E451 /* Pods-WatchApp Extension.release.xcconfig */ = {isa = PBXFileReference; includeInIndex = 1; lastKnownFileType = text.xcconfig; name = "Pods-WatchApp Extension.release.xcconfig"; path = "Pods/Target Support Files/Pods-WatchApp Extension/Pods-WatchApp Extension.release.xcconfig"; sourceTree = "<group>"; };
		4881799173BF47FE58F7A5E7 /* Pods_BeBetterTests.framework */ = {isa = PBXFileReference; explicitFileType = wrapper.framework; includeInIndex = 0; path = Pods_BeBetterTests.framework; sourceTree = BUILT_PRODUCTS_DIR; };
		4F393A281C3C8BCD00B3EA13 /* main.swift */ = {isa = PBXFileReference; fileEncoding = 4; lastKnownFileType = sourcecode.swift; path = main.swift; sourceTree = "<group>"; };
		4FD6C4741B754AF1002F9F90 /* BeBetter.app */ = {isa = PBXFileReference; explicitFileType = wrapper.application; includeInIndex = 0; path = BeBetter.app; sourceTree = BUILT_PRODUCTS_DIR; };
		4FD6C4781B754AF1002F9F90 /* Info.plist */ = {isa = PBXFileReference; lastKnownFileType = text.plist.xml; path = Info.plist; sourceTree = "<group>"; };
		4FD6C4791B754AF1002F9F90 /* AppDelegate.swift */ = {isa = PBXFileReference; lastKnownFileType = sourcecode.swift; path = AppDelegate.swift; sourceTree = "<group>"; };
		4FD6C49A1B755242002F9F90 /* Bridging-Header.h */ = {isa = PBXFileReference; fileEncoding = 4; lastKnownFileType = sourcecode.c.h; path = "Bridging-Header.h"; sourceTree = "<group>"; };
		4FD6C49C1B755242002F9F90 /* RootViewController.swift */ = {isa = PBXFileReference; fileEncoding = 4; lastKnownFileType = sourcecode.swift; path = RootViewController.swift; sourceTree = "<group>"; };
		4FD6C49D1B755242002F9F90 /* InitialViewController.swift */ = {isa = PBXFileReference; fileEncoding = 4; lastKnownFileType = sourcecode.swift; path = InitialViewController.swift; sourceTree = "<group>"; };
		4FF12F8A1DCA91F5004D9EF9 /* BeBetter.entitlements */ = {isa = PBXFileReference; lastKnownFileType = text.plist.entitlements; path = BeBetter.entitlements; sourceTree = "<group>"; };
		65BC930FAC42C678E933E276 /* Pods-BeBetterTests.release.xcconfig */ = {isa = PBXFileReference; includeInIndex = 1; lastKnownFileType = text.xcconfig; name = "Pods-BeBetterTests.release.xcconfig"; path = "Pods/Target Support Files/Pods-BeBetterTests/Pods-BeBetterTests.release.xcconfig"; sourceTree = "<group>"; };
		762732C14CFE40A989C3AD70 /* Pods-BeBetter.debug.xcconfig */ = {isa = PBXFileReference; includeInIndex = 1; lastKnownFileType = text.xcconfig; name = "Pods-BeBetter.debug.xcconfig"; path = "Pods/Target Support Files/Pods-BeBetter/Pods-BeBetter.debug.xcconfig"; sourceTree = "<group>"; };
		779CC1D99EC9F3DC72658614 /* Pods-BeBetterTests.debug.xcconfig */ = {isa = PBXFileReference; includeInIndex = 1; lastKnownFileType = text.xcconfig; name = "Pods-BeBetterTests.debug.xcconfig"; path = "Pods/Target Support Files/Pods-BeBetterTests/Pods-BeBetterTests.debug.xcconfig"; sourceTree = "<group>"; };
		7C42BB1A0B36D1583E8D6915 /* Pods-WatchApp Extension.debug.xcconfig */ = {isa = PBXFileReference; includeInIndex = 1; lastKnownFileType = text.xcconfig; name = "Pods-WatchApp Extension.debug.xcconfig"; path = "Pods/Target Support Files/Pods-WatchApp Extension/Pods-WatchApp Extension.debug.xcconfig"; sourceTree = "<group>"; };
		82A29C75280BDF73123F14B4 /* Pods_BeBetter.framework */ = {isa = PBXFileReference; explicitFileType = wrapper.framework; includeInIndex = 0; path = Pods_BeBetter.framework; sourceTree = BUILT_PRODUCTS_DIR; };
		8E0EE08CB3C830D8ED186259 /* Pods_WatchApp_Extension.framework */ = {isa = PBXFileReference; explicitFileType = wrapper.framework; includeInIndex = 0; path = Pods_WatchApp_Extension.framework; sourceTree = BUILT_PRODUCTS_DIR; };
		B7168FBB1FACC6F900A48DB5 /* LaunchScreen.storyboard */ = {isa = PBXFileReference; fileEncoding = 4; lastKnownFileType = file.storyboard; name = LaunchScreen.storyboard; path = "../mobile_sdk/SalesforceMobileSDK-iOS/shared/resources/LaunchScreen.storyboard"; sourceTree = "<group>"; };
		C92B47881939D945267A5815 /* Pods_WatchApp.framework */ = {isa = PBXFileReference; explicitFileType = wrapper.framework; includeInIndex = 0; path = Pods_WatchApp.framework; sourceTree = BUILT_PRODUCTS_DIR; };
		CEA8CA031F071B2300448B51 /* Images.xcassets */ = {isa = PBXFileReference; lastKnownFileType = folder.assetcatalog; name = Images.xcassets; path = "mobile_sdk/SalesforceMobileSDK-iOS/shared/resources/Images.xcassets"; sourceTree = SOURCE_ROOT; };
		DE3639352121B57C00634BCC /* BeBetterTests.xctest */ = {isa = PBXFileReference; explicitFileType = wrapper.cfbundle; includeInIndex = 0; path = BeBetterTests.xctest; sourceTree = BUILT_PRODUCTS_DIR; };
		DE3639372121B57C00634BCC /* BeBetterTests.swift */ = {isa = PBXFileReference; lastKnownFileType = sourcecode.swift; path = BeBetterTests.swift; sourceTree = "<group>"; };
		DE3639392121B57C00634BCC /* Info.plist */ = {isa = PBXFileReference; lastKnownFileType = text.plist.xml; path = Info.plist; sourceTree = "<group>"; };
		DE3639412121B60B00634BCC /* FriendsListView.swift */ = {isa = PBXFileReference; lastKnownFileType = sourcecode.swift; path = FriendsListView.swift; sourceTree = "<group>"; };
		DE3639432121B63A00634BCC /* FriendsListViewModel.swift */ = {isa = PBXFileReference; lastKnownFileType = sourcecode.swift; path = FriendsListViewModel.swift; sourceTree = "<group>"; };
		DE3639452121B75000634BCC /* FriendsListView.xib */ = {isa = PBXFileReference; lastKnownFileType = file.xib; path = FriendsListView.xib; sourceTree = "<group>"; };
		DE3639482121B7C800634BCC /* Person.swift */ = {isa = PBXFileReference; lastKnownFileType = sourcecode.swift; path = Person.swift; sourceTree = "<group>"; };
		DE36394A2121BB1B00634BCC /* FriendTableViewCell.swift */ = {isa = PBXFileReference; lastKnownFileType = sourcecode.swift; path = FriendTableViewCell.swift; sourceTree = "<group>"; };
		DE36394C2121BB2D00634BCC /* FriendTableViewCell.xib */ = {isa = PBXFileReference; lastKnownFileType = file.xib; path = FriendTableViewCell.xib; sourceTree = "<group>"; };
		DE3639502121C60000634BCC /* WatchApp.app */ = {isa = PBXFileReference; explicitFileType = wrapper.application; includeInIndex = 0; path = WatchApp.app; sourceTree = BUILT_PRODUCTS_DIR; };
		DE3639532121C60000634BCC /* Base */ = {isa = PBXFileReference; lastKnownFileType = file.storyboard; name = Base; path = Base.lproj/Interface.storyboard; sourceTree = "<group>"; };
		DE3639552121C60000634BCC /* Assets.xcassets */ = {isa = PBXFileReference; lastKnownFileType = folder.assetcatalog; path = Assets.xcassets; sourceTree = "<group>"; };
		DE3639572121C60000634BCC /* Info.plist */ = {isa = PBXFileReference; lastKnownFileType = text.plist.xml; path = Info.plist; sourceTree = "<group>"; };
		DE36395C2121C60000634BCC /* WatchApp Extension.appex */ = {isa = PBXFileReference; explicitFileType = "wrapper.app-extension"; includeInIndex = 0; path = "WatchApp Extension.appex"; sourceTree = BUILT_PRODUCTS_DIR; };
		DE3639612121C60000634BCC /* InterfaceController.swift */ = {isa = PBXFileReference; lastKnownFileType = sourcecode.swift; path = InterfaceController.swift; sourceTree = "<group>"; };
		DE3639632121C60000634BCC /* ExtensionDelegate.swift */ = {isa = PBXFileReference; lastKnownFileType = sourcecode.swift; path = ExtensionDelegate.swift; sourceTree = "<group>"; };
		DE3639652121C60000634BCC /* NotificationController.swift */ = {isa = PBXFileReference; lastKnownFileType = sourcecode.swift; path = NotificationController.swift; sourceTree = "<group>"; };
		DE3639672121C60000634BCC /* Assets.xcassets */ = {isa = PBXFileReference; lastKnownFileType = folder.assetcatalog; path = Assets.xcassets; sourceTree = "<group>"; };
		DE3639692121C60000634BCC /* Info.plist */ = {isa = PBXFileReference; lastKnownFileType = text.plist.xml; path = Info.plist; sourceTree = "<group>"; };
		DE36396A2121C60000634BCC /* PushNotificationPayload.apns */ = {isa = PBXFileReference; lastKnownFileType = text; path = PushNotificationPayload.apns; sourceTree = "<group>"; };
		DE3639782121CAB200634BCC /* FriendRow.swift */ = {isa = PBXFileReference; lastKnownFileType = sourcecode.swift; path = FriendRow.swift; sourceTree = "<group>"; };
		DE36397B21220F6F00634BCC /* FriendListViewModel.swift */ = {isa = PBXFileReference; lastKnownFileType = sourcecode.swift; path = FriendListViewModel.swift; sourceTree = "<group>"; };
		DE3639802122172F00634BCC /* WatchConnectivityServer.swift */ = {isa = PBXFileReference; lastKnownFileType = sourcecode.swift; path = WatchConnectivityServer.swift; sourceTree = "<group>"; };
		DE369B33213AB1D300AE9381 /* Theme.swift */ = {isa = PBXFileReference; lastKnownFileType = sourcecode.swift; path = Theme.swift; sourceTree = "<group>"; };
		DE369B36213ABAE500AE9381 /* UIView+Extensions.swift */ = {isa = PBXFileReference; lastKnownFileType = sourcecode.swift; path = "UIView+Extensions.swift"; sourceTree = "<group>"; };
		DE369B39213AC34500AE9381 /* BetterNavigationController.swift */ = {isa = PBXFileReference; lastKnownFileType = sourcecode.swift; path = BetterNavigationController.swift; sourceTree = "<group>"; };
		DE369B3B213AC40A00AE9381 /* Constants.swift */ = {isa = PBXFileReference; lastKnownFileType = sourcecode.swift; path = Constants.swift; sourceTree = "<group>"; };
		DE369B3D213AC46D00AE9381 /* Localizable.strings */ = {isa = PBXFileReference; lastKnownFileType = text.plist.strings; path = Localizable.strings; sourceTree = "<group>"; };
		DE77695F2126E21F00D02A3C /* HealthMonitor.swift */ = {isa = PBXFileReference; lastKnownFileType = sourcecode.swift; path = HealthMonitor.swift; sourceTree = "<group>"; };
		DE7769612126E31C00D02A3C /* HealthKit.framework */ = {isa = PBXFileReference; lastKnownFileType = wrapper.framework; name = HealthKit.framework; path = System/Library/Frameworks/HealthKit.framework; sourceTree = SDKROOT; };
		DE7BEEB42128562900F11D16 /* Datastore.swift */ = {isa = PBXFileReference; lastKnownFileType = sourcecode.swift; path = Datastore.swift; sourceTree = "<group>"; };
		DEDD1ABB2125B3B3009C61CF /* CompetitionService.swift */ = {isa = PBXFileReference; lastKnownFileType = sourcecode.swift; path = CompetitionService.swift; sourceTree = "<group>"; };
		DEDD1ABE2125BB0D009C61CF /* WatchConnectivityClient.swift */ = {isa = PBXFileReference; lastKnownFileType = sourcecode.swift; path = WatchConnectivityClient.swift; sourceTree = "<group>"; };
/* End PBXFileReference section */

/* Begin PBXFrameworksBuildPhase section */
		4FD6C4711B754AF1002F9F90 /* Frameworks */ = {
			isa = PBXFrameworksBuildPhase;
			buildActionMask = 2147483647;
			files = (
				78A235BD93AB7D080D67CD51 /* Pods_BeBetter.framework in Frameworks */,
				DE7769622126E31C00D02A3C /* HealthKit.framework in Frameworks */,
			);
			runOnlyForDeploymentPostprocessing = 0;
		};
		B07A321C1F5178424D4C77E4 /* Frameworks */ = {
			isa = PBXFrameworksBuildPhase;
			buildActionMask = 2147483647;
			files = (
			);
			runOnlyForDeploymentPostprocessing = 0;
		};
		DE3639322121B57C00634BCC /* Frameworks */ = {
			isa = PBXFrameworksBuildPhase;
			buildActionMask = 2147483647;
			files = (
				74E41257FB628160F9C33427 /* Pods_BeBetterTests.framework in Frameworks */,
			);
			runOnlyForDeploymentPostprocessing = 0;
		};
		DE3639592121C60000634BCC /* Frameworks */ = {
			isa = PBXFrameworksBuildPhase;
			buildActionMask = 2147483647;
			files = (
				EBA073DACDB4E5B56ED14725 /* Pods_WatchApp_Extension.framework in Frameworks */,
			);
			runOnlyForDeploymentPostprocessing = 0;
		};
/* End PBXFrameworksBuildPhase section */

/* Begin PBXGroup section */
		4FD6C46B1B754AF1002F9F90 = {
			isa = PBXGroup;
			children = (
				4FD6C4761B754AF1002F9F90 /* BeBetter */,
				DE3639362121B57C00634BCC /* BeBetterTests */,
				DE3639512121C60000634BCC /* WatchApp */,
				DE3639602121C60000634BCC /* WatchApp Extension */,
				4FD6C4751B754AF1002F9F90 /* Products */,
				DDFDDF0A29E4BDD114B51BBC /* Pods */,
				6B868AEB1ACA7FCA4636C7F7 /* Frameworks */,
			);
			sourceTree = "<group>";
		};
		4FD6C4751B754AF1002F9F90 /* Products */ = {
			isa = PBXGroup;
			children = (
				4FD6C4741B754AF1002F9F90 /* BeBetter.app */,
				DE3639352121B57C00634BCC /* BeBetterTests.xctest */,
				DE3639502121C60000634BCC /* WatchApp.app */,
				DE36395C2121C60000634BCC /* WatchApp Extension.appex */,
			);
			name = Products;
			sourceTree = "<group>";
		};
		4FD6C4761B754AF1002F9F90 /* BeBetter */ = {
			isa = PBXGroup;
			children = (
				4FF12F8A1DCA91F5004D9EF9 /* BeBetter.entitlements */,
				DE369B35213ABAC500AE9381 /* Extensions */,
				4FD6C4A11B755265002F9F90 /* Classes */,
				4FD6C4771B754AF1002F9F90 /* Supporting Files */,
			);
			path = BeBetter;
			sourceTree = "<group>";
		};
		4FD6C4771B754AF1002F9F90 /* Supporting Files */ = {
			isa = PBXGroup;
			children = (
				B7168FBB1FACC6F900A48DB5 /* LaunchScreen.storyboard */,
				CEA8CA031F071B2300448B51 /* Images.xcassets */,
				4FD6C4781B754AF1002F9F90 /* Info.plist */,
			);
			name = "Supporting Files";
			sourceTree = "<group>";
		};
		4FD6C4A11B755265002F9F90 /* Classes */ = {
			isa = PBXGroup;
			children = (
				DE7BEEB32128561500F11D16 /* Datastore */,
				DE3639822122174300634BCC /* Controllers */,
				DE36397F2122171B00634BCC /* Services */,
				DE3639472121B7AD00634BCC /* Models */,
				DE36393F2121B5CF00634BCC /* Components */,
				4FD6C49C1B755242002F9F90 /* RootViewController.swift */,
				4FD6C49D1B755242002F9F90 /* InitialViewController.swift */,
				4FD6C4791B754AF1002F9F90 /* AppDelegate.swift */,
				4FD6C49A1B755242002F9F90 /* Bridging-Header.h */,
				4F393A281C3C8BCD00B3EA13 /* main.swift */,
				DE369B33213AB1D300AE9381 /* Theme.swift */,
				DE369B3B213AC40A00AE9381 /* Constants.swift */,
				DE369B39213AC34500AE9381 /* BetterNavigationController.swift */,
				DE369B3D213AC46D00AE9381 /* Localizable.strings */,
			);
			name = Classes;
			sourceTree = "<group>";
		};
		6B868AEB1ACA7FCA4636C7F7 /* Frameworks */ = {
			isa = PBXGroup;
			children = (
				DE7769612126E31C00D02A3C /* HealthKit.framework */,
				82A29C75280BDF73123F14B4 /* Pods_BeBetter.framework */,
				4881799173BF47FE58F7A5E7 /* Pods_BeBetterTests.framework */,
				8E0EE08CB3C830D8ED186259 /* Pods_WatchApp_Extension.framework */,
				C92B47881939D945267A5815 /* Pods_WatchApp.framework */,
			);
			name = Frameworks;
			sourceTree = "<group>";
		};
		DDFDDF0A29E4BDD114B51BBC /* Pods */ = {
			isa = PBXGroup;
			children = (
				762732C14CFE40A989C3AD70 /* Pods-BeBetter.debug.xcconfig */,
				045D1C5BC2F1EADFDFB3671E /* Pods-BeBetter.release.xcconfig */,
				779CC1D99EC9F3DC72658614 /* Pods-BeBetterTests.debug.xcconfig */,
				65BC930FAC42C678E933E276 /* Pods-BeBetterTests.release.xcconfig */,
				7C42BB1A0B36D1583E8D6915 /* Pods-WatchApp Extension.debug.xcconfig */,
				1910FB80C50028BB9F05E451 /* Pods-WatchApp Extension.release.xcconfig */,
			);
			name = Pods;
			sourceTree = "<group>";
		};
		DE3639362121B57C00634BCC /* BeBetterTests */ = {
			isa = PBXGroup;
			children = (
				DE3639372121B57C00634BCC /* BeBetterTests.swift */,
				DE3639392121B57C00634BCC /* Info.plist */,
			);
			path = BeBetterTests;
			sourceTree = "<group>";
		};
		DE36393F2121B5CF00634BCC /* Components */ = {
			isa = PBXGroup;
			children = (
				DE3639402121B5DB00634BCC /* FriendsList */,
			);
			name = Components;
			sourceTree = "<group>";
		};
		DE3639402121B5DB00634BCC /* FriendsList */ = {
			isa = PBXGroup;
			children = (
				DE3639412121B60B00634BCC /* FriendsListView.swift */,
				DE3639432121B63A00634BCC /* FriendsListViewModel.swift */,
				DE36394A2121BB1B00634BCC /* FriendTableViewCell.swift */,
				DE36394C2121BB2D00634BCC /* FriendTableViewCell.xib */,
				DE3639452121B75000634BCC /* FriendsListView.xib */,
			);
			name = FriendsList;
			sourceTree = "<group>";
		};
		DE3639472121B7AD00634BCC /* Models */ = {
			isa = PBXGroup;
			children = (
				DE3639482121B7C800634BCC /* Person.swift */,
			);
			name = Models;
			sourceTree = "<group>";
		};
		DE3639512121C60000634BCC /* WatchApp */ = {
			isa = PBXGroup;
			children = (
				DE3639522121C60000634BCC /* Interface.storyboard */,
				DE3639552121C60000634BCC /* Assets.xcassets */,
				DE3639572121C60000634BCC /* Info.plist */,
			);
			path = WatchApp;
			sourceTree = "<group>";
		};
		DE3639602121C60000634BCC /* WatchApp Extension */ = {
			isa = PBXGroup;
			children = (
				DEDD1ABD2125BAEE009C61CF /* Controllers */,
				DE3639762121CA8500634BCC /* Components */,
				DE3639612121C60000634BCC /* InterfaceController.swift */,
				DE3639632121C60000634BCC /* ExtensionDelegate.swift */,
				DE3639652121C60000634BCC /* NotificationController.swift */,
				DE3639672121C60000634BCC /* Assets.xcassets */,
				DE3639692121C60000634BCC /* Info.plist */,
				DE36396A2121C60000634BCC /* PushNotificationPayload.apns */,
			);
			path = "WatchApp Extension";
			sourceTree = "<group>";
		};
		DE3639762121CA8500634BCC /* Components */ = {
			isa = PBXGroup;
			children = (
				DE3639772121CA8B00634BCC /* FriendsList */,
			);
			path = Components;
			sourceTree = "<group>";
		};
		DE3639772121CA8B00634BCC /* FriendsList */ = {
			isa = PBXGroup;
			children = (
				DE3639782121CAB200634BCC /* FriendRow.swift */,
				DE36397B21220F6F00634BCC /* FriendListViewModel.swift */,
			);
			path = FriendsList;
			sourceTree = "<group>";
		};
		DE36397F2122171B00634BCC /* Services */ = {
			isa = PBXGroup;
			children = (
				DEDD1ABB2125B3B3009C61CF /* CompetitionService.swift */,
			);
			name = Services;
			sourceTree = "<group>";
		};
		DE3639822122174300634BCC /* Controllers */ = {
			isa = PBXGroup;
			children = (
				DE3639802122172F00634BCC /* WatchConnectivityServer.swift */,
				DE77695F2126E21F00D02A3C /* HealthMonitor.swift */,
			);
			name = Controllers;
			sourceTree = "<group>";
		};
		DE369B35213ABAC500AE9381 /* Extensions */ = {
			isa = PBXGroup;
			children = (
				DE369B36213ABAE500AE9381 /* UIView+Extensions.swift */,
			);
			name = Extensions;
			sourceTree = "<group>";
		};
		DE7BEEB32128561500F11D16 /* Datastore */ = {
			isa = PBXGroup;
			children = (
				DE7BEEB42128562900F11D16 /* Datastore.swift */,
			);
			name = Datastore;
			sourceTree = "<group>";
		};
		DEDD1ABD2125BAEE009C61CF /* Controllers */ = {
			isa = PBXGroup;
			children = (
				DEDD1ABE2125BB0D009C61CF /* WatchConnectivityClient.swift */,
			);
			path = Controllers;
			sourceTree = "<group>";
		};
/* End PBXGroup section */

/* Begin PBXNativeTarget section */
		4FD6C4731B754AF1002F9F90 /* BeBetter */ = {
			isa = PBXNativeTarget;
			buildConfigurationList = 4FD6C4931B754AF1002F9F90 /* Build configuration list for PBXNativeTarget "BeBetter" */;
			buildPhases = (
				FF74F0F7AF3E58C14EBE5178 /* [CP] Check Pods Manifest.lock */,
				4FD6C4701B754AF1002F9F90 /* Sources */,
				4FD6C4711B754AF1002F9F90 /* Frameworks */,
				4FD6C4721B754AF1002F9F90 /* Resources */,
				68C67C5E03B67EF3A0901D3D /* [CP] Copy Pods Resources */,
				7056FC8D1D194E5113988767 /* [CP] Embed Pods Frameworks */,
				DE3639752121C60000634BCC /* Embed Watch Content */,
			);
			buildRules = (
			);
			dependencies = (
				DE36396C2121C60000634BCC /* PBXTargetDependency */,
			);
			name = BeBetter;
			productName = BeBetter;
			productReference = 4FD6C4741B754AF1002F9F90 /* BeBetter.app */;
			productType = "com.apple.product-type.application";
		};
		DE3639342121B57C00634BCC /* BeBetterTests */ = {
			isa = PBXNativeTarget;
			buildConfigurationList = DE36393E2121B57C00634BCC /* Build configuration list for PBXNativeTarget "BeBetterTests" */;
			buildPhases = (
				A9E87F33C95F88DDF3B25E6E /* [CP] Check Pods Manifest.lock */,
				DE3639312121B57C00634BCC /* Sources */,
				DE3639322121B57C00634BCC /* Frameworks */,
				DE3639332121B57C00634BCC /* Resources */,
				FBA8D81CDA45EFAA295B78DC /* [CP] Embed Pods Frameworks */,
				2777483150E030C6A43DBFB6 /* [CP] Copy Pods Resources */,
			);
			buildRules = (
			);
			dependencies = (
				DE36393B2121B57C00634BCC /* PBXTargetDependency */,
			);
			name = BeBetterTests;
			productName = BeBetterTests;
			productReference = DE3639352121B57C00634BCC /* BeBetterTests.xctest */;
			productType = "com.apple.product-type.bundle.unit-test";
		};
		DE36394F2121C60000634BCC /* WatchApp */ = {
			isa = PBXNativeTarget;
			buildConfigurationList = DE3639722121C60000634BCC /* Build configuration list for PBXNativeTarget "WatchApp" */;
			buildPhases = (
				DE36394E2121C60000634BCC /* Resources */,
				DE3639712121C60000634BCC /* Embed App Extensions */,
				B07A321C1F5178424D4C77E4 /* Frameworks */,
			);
			buildRules = (
			);
			dependencies = (
				DE36395F2121C60000634BCC /* PBXTargetDependency */,
			);
			name = WatchApp;
			productName = WatchApp;
			productReference = DE3639502121C60000634BCC /* WatchApp.app */;
			productType = "com.apple.product-type.application.watchapp2";
		};
		DE36395B2121C60000634BCC /* WatchApp Extension */ = {
			isa = PBXNativeTarget;
			buildConfigurationList = DE36396E2121C60000634BCC /* Build configuration list for PBXNativeTarget "WatchApp Extension" */;
			buildPhases = (
				16F2C257C0FDB71ED951B541 /* [CP] Check Pods Manifest.lock */,
				DE3639582121C60000634BCC /* Sources */,
				DE3639592121C60000634BCC /* Frameworks */,
				DE36395A2121C60000634BCC /* Resources */,
				A4A85EE6B662EC29B9CF2BA5 /* [CP] Embed Pods Frameworks */,
				BAA2B9A58325BF9989985E7E /* [CP] Copy Pods Resources */,
			);
			buildRules = (
			);
			dependencies = (
			);
			name = "WatchApp Extension";
			productName = "WatchApp Extension";
			productReference = DE36395C2121C60000634BCC /* WatchApp Extension.appex */;
			productType = "com.apple.product-type.watchkit2-extension";
		};
/* End PBXNativeTarget section */

/* Begin PBXProject section */
		4FD6C46C1B754AF1002F9F90 /* Project object */ = {
			isa = PBXProject;
			attributes = {
				LastSwiftUpdateCheck = 0920;
				LastUpgradeCheck = 0920;
				ORGANIZATIONNAME = Salesforce;
				TargetAttributes = {
					4FD6C4731B754AF1002F9F90 = {
						CreatedOnToolsVersion = 6.4;
						LastSwiftMigration = 0900;
						SystemCapabilities = {
							com.apple.HealthKit = {
								enabled = 1;
							};
							com.apple.Keychain = {
								enabled = 1;
							};
						};
					};
					DE3639342121B57C00634BCC = {
						CreatedOnToolsVersion = 9.2;
						ProvisioningStyle = Automatic;
						TestTargetID = 4FD6C4731B754AF1002F9F90;
					};
					DE36394F2121C60000634BCC = {
						CreatedOnToolsVersion = 9.2;
						ProvisioningStyle = Automatic;
					};
					DE36395B2121C60000634BCC = {
						CreatedOnToolsVersion = 9.2;
						ProvisioningStyle = Automatic;
					};
				};
			};
			buildConfigurationList = 4FD6C46F1B754AF1002F9F90 /* Build configuration list for PBXProject "BeBetter" */;
			compatibilityVersion = "Xcode 8.0";
			developmentRegion = English;
			hasScannedForEncodings = 0;
			knownRegions = (
				en,
				Base,
			);
			mainGroup = 4FD6C46B1B754AF1002F9F90;
			productRefGroup = 4FD6C4751B754AF1002F9F90 /* Products */;
			projectDirPath = "";
			projectRoot = "";
			targets = (
				4FD6C4731B754AF1002F9F90 /* BeBetter */,
				DE3639342121B57C00634BCC /* BeBetterTests */,
				DE36394F2121C60000634BCC /* WatchApp */,
				DE36395B2121C60000634BCC /* WatchApp Extension */,
			);
		};
/* End PBXProject section */

/* Begin PBXResourcesBuildPhase section */
		4FD6C4721B754AF1002F9F90 /* Resources */ = {
			isa = PBXResourcesBuildPhase;
			buildActionMask = 2147483647;
			files = (
				DE369B3E213AC46D00AE9381 /* Localizable.strings in Resources */,
				CEA8CA041F071B2300448B51 /* Images.xcassets in Resources */,
				B7168FBC1FACC6F900A48DB5 /* LaunchScreen.storyboard in Resources */,
				DE3639462121B75000634BCC /* FriendsListView.xib in Resources */,
				DE36394D2121BB2D00634BCC /* FriendTableViewCell.xib in Resources */,
			);
			runOnlyForDeploymentPostprocessing = 0;
		};
		DE3639332121B57C00634BCC /* Resources */ = {
			isa = PBXResourcesBuildPhase;
			buildActionMask = 2147483647;
			files = (
			);
			runOnlyForDeploymentPostprocessing = 0;
		};
		DE36394E2121C60000634BCC /* Resources */ = {
			isa = PBXResourcesBuildPhase;
			buildActionMask = 2147483647;
			files = (
				DE3639562121C60000634BCC /* Assets.xcassets in Resources */,
				DE3639542121C60000634BCC /* Interface.storyboard in Resources */,
			);
			runOnlyForDeploymentPostprocessing = 0;
		};
		DE36395A2121C60000634BCC /* Resources */ = {
			isa = PBXResourcesBuildPhase;
			buildActionMask = 2147483647;
			files = (
				DE3639682121C60000634BCC /* Assets.xcassets in Resources */,
				DE369B3F213AC47400AE9381 /* Localizable.strings in Resources */,
			);
			runOnlyForDeploymentPostprocessing = 0;
		};
/* End PBXResourcesBuildPhase section */

/* Begin PBXShellScriptBuildPhase section */
		16F2C257C0FDB71ED951B541 /* [CP] Check Pods Manifest.lock */ = {
			isa = PBXShellScriptBuildPhase;
			buildActionMask = 2147483647;
			files = (
			);
			inputPaths = (
				"${PODS_PODFILE_DIR_PATH}/Podfile.lock",
				"${PODS_ROOT}/Manifest.lock",
			);
			name = "[CP] Check Pods Manifest.lock";
			outputPaths = (
				"$(DERIVED_FILE_DIR)/Pods-WatchApp Extension-checkManifestLockResult.txt",
			);
			runOnlyForDeploymentPostprocessing = 0;
			shellPath = /bin/sh;
			shellScript = "diff \"${PODS_PODFILE_DIR_PATH}/Podfile.lock\" \"${PODS_ROOT}/Manifest.lock\" > /dev/null\nif [ $? != 0 ] ; then\n    # print error to STDERR\n    echo \"error: The sandbox is not in sync with the Podfile.lock. Run 'pod install' or update your CocoaPods installation.\" >&2\n    exit 1\nfi\n# This output is used by Xcode 'outputs' to avoid re-running this script phase.\necho \"SUCCESS\" > \"${SCRIPT_OUTPUT_FILE_0}\"\n";
			showEnvVarsInLog = 0;
		};
		2777483150E030C6A43DBFB6 /* [CP] Copy Pods Resources */ = {
			isa = PBXShellScriptBuildPhase;
			buildActionMask = 2147483647;
			files = (
			);
			inputPaths = (
			);
			name = "[CP] Copy Pods Resources";
			outputPaths = (
			);
			runOnlyForDeploymentPostprocessing = 0;
			shellPath = /bin/sh;
			shellScript = "\"${SRCROOT}/Pods/Target Support Files/Pods-BeBetterTests/Pods-BeBetterTests-resources.sh\"\n";
			showEnvVarsInLog = 0;
		};
		68C67C5E03B67EF3A0901D3D /* [CP] Copy Pods Resources */ = {
			isa = PBXShellScriptBuildPhase;
			buildActionMask = 2147483647;
			files = (
			);
			inputPaths = (
			);
			name = "[CP] Copy Pods Resources";
			outputPaths = (
			);
			runOnlyForDeploymentPostprocessing = 0;
			shellPath = /bin/sh;
			shellScript = "\"${SRCROOT}/Pods/Target Support Files/Pods-BeBetter/Pods-BeBetter-resources.sh\"\n";
			showEnvVarsInLog = 0;
		};
		7056FC8D1D194E5113988767 /* [CP] Embed Pods Frameworks */ = {
			isa = PBXShellScriptBuildPhase;
			buildActionMask = 2147483647;
			files = (
			);
			inputPaths = (
				"${SRCROOT}/Pods/Target Support Files/Pods-BeBetter/Pods-BeBetter-frameworks.sh",
				"${BUILT_PRODUCTS_DIR}/CocoaLumberjack/CocoaLumberjack.framework",
				"${BUILT_PRODUCTS_DIR}/FMDB/FMDB.framework",
				"${BUILT_PRODUCTS_DIR}/PromiseKit/PromiseKit.framework",
				"${BUILT_PRODUCTS_DIR}/RxCocoa-iOS/RxCocoa.framework",
				"${BUILT_PRODUCTS_DIR}/RxSwift-iOS/RxSwift.framework",
				"${BUILT_PRODUCTS_DIR}/SQLCipher/SQLCipher.framework",
				"${BUILT_PRODUCTS_DIR}/SalesforceAnalytics/SalesforceAnalytics.framework",
				"${BUILT_PRODUCTS_DIR}/SalesforceSDKCore/SalesforceSDKCore.framework",
				"${BUILT_PRODUCTS_DIR}/SalesforceSwiftSDK/SalesforceSwiftSDK.framework",
				"${BUILT_PRODUCTS_DIR}/SmartStore/SmartStore.framework",
				"${BUILT_PRODUCTS_DIR}/SmartSync/SmartSync.framework",
				"${BUILT_PRODUCTS_DIR}/SwiftyJSON-iOS/SwiftyJSON.framework",
			);
			name = "[CP] Embed Pods Frameworks";
			outputPaths = (
				"${TARGET_BUILD_DIR}/${FRAMEWORKS_FOLDER_PATH}/CocoaLumberjack.framework",
				"${TARGET_BUILD_DIR}/${FRAMEWORKS_FOLDER_PATH}/FMDB.framework",
				"${TARGET_BUILD_DIR}/${FRAMEWORKS_FOLDER_PATH}/PromiseKit.framework",
				"${TARGET_BUILD_DIR}/${FRAMEWORKS_FOLDER_PATH}/RxCocoa.framework",
				"${TARGET_BUILD_DIR}/${FRAMEWORKS_FOLDER_PATH}/RxSwift.framework",
				"${TARGET_BUILD_DIR}/${FRAMEWORKS_FOLDER_PATH}/SQLCipher.framework",
				"${TARGET_BUILD_DIR}/${FRAMEWORKS_FOLDER_PATH}/SalesforceAnalytics.framework",
				"${TARGET_BUILD_DIR}/${FRAMEWORKS_FOLDER_PATH}/SalesforceSDKCore.framework",
				"${TARGET_BUILD_DIR}/${FRAMEWORKS_FOLDER_PATH}/SalesforceSwiftSDK.framework",
				"${TARGET_BUILD_DIR}/${FRAMEWORKS_FOLDER_PATH}/SmartStore.framework",
				"${TARGET_BUILD_DIR}/${FRAMEWORKS_FOLDER_PATH}/SmartSync.framework",
				"${TARGET_BUILD_DIR}/${FRAMEWORKS_FOLDER_PATH}/SwiftyJSON.framework",
			);
			runOnlyForDeploymentPostprocessing = 0;
			shellPath = /bin/sh;
			shellScript = "\"${SRCROOT}/Pods/Target Support Files/Pods-BeBetter/Pods-BeBetter-frameworks.sh\"\n";
			showEnvVarsInLog = 0;
		};
		A4A85EE6B662EC29B9CF2BA5 /* [CP] Embed Pods Frameworks */ = {
			isa = PBXShellScriptBuildPhase;
			buildActionMask = 2147483647;
			files = (
			);
			inputPaths = (
				"${SRCROOT}/Pods/Target Support Files/Pods-WatchApp Extension/Pods-WatchApp Extension-frameworks.sh",
				"${BUILT_PRODUCTS_DIR}/RxCocoa-watchOS/RxCocoa.framework",
				"${BUILT_PRODUCTS_DIR}/RxSwift-watchOS/RxSwift.framework",
				"${BUILT_PRODUCTS_DIR}/SwiftyJSON-watchOS/SwiftyJSON.framework",
			);
			name = "[CP] Embed Pods Frameworks";
			outputPaths = (
				"${TARGET_BUILD_DIR}/${FRAMEWORKS_FOLDER_PATH}/RxCocoa.framework",
				"${TARGET_BUILD_DIR}/${FRAMEWORKS_FOLDER_PATH}/RxSwift.framework",
				"${TARGET_BUILD_DIR}/${FRAMEWORKS_FOLDER_PATH}/SwiftyJSON.framework",
			);
			runOnlyForDeploymentPostprocessing = 0;
			shellPath = /bin/sh;
			shellScript = "\"${SRCROOT}/Pods/Target Support Files/Pods-WatchApp Extension/Pods-WatchApp Extension-frameworks.sh\"\n";
			showEnvVarsInLog = 0;
		};
		A9E87F33C95F88DDF3B25E6E /* [CP] Check Pods Manifest.lock */ = {
			isa = PBXShellScriptBuildPhase;
			buildActionMask = 2147483647;
			files = (
			);
			inputPaths = (
				"${PODS_PODFILE_DIR_PATH}/Podfile.lock",
				"${PODS_ROOT}/Manifest.lock",
			);
			name = "[CP] Check Pods Manifest.lock";
			outputPaths = (
				"$(DERIVED_FILE_DIR)/Pods-BeBetterTests-checkManifestLockResult.txt",
			);
			runOnlyForDeploymentPostprocessing = 0;
			shellPath = /bin/sh;
			shellScript = "diff \"${PODS_PODFILE_DIR_PATH}/Podfile.lock\" \"${PODS_ROOT}/Manifest.lock\" > /dev/null\nif [ $? != 0 ] ; then\n    # print error to STDERR\n    echo \"error: The sandbox is not in sync with the Podfile.lock. Run 'pod install' or update your CocoaPods installation.\" >&2\n    exit 1\nfi\n# This output is used by Xcode 'outputs' to avoid re-running this script phase.\necho \"SUCCESS\" > \"${SCRIPT_OUTPUT_FILE_0}\"\n";
			showEnvVarsInLog = 0;
		};
		BAA2B9A58325BF9989985E7E /* [CP] Copy Pods Resources */ = {
			isa = PBXShellScriptBuildPhase;
			buildActionMask = 2147483647;
			files = (
			);
			inputPaths = (
			);
			name = "[CP] Copy Pods Resources";
			outputPaths = (
			);
			runOnlyForDeploymentPostprocessing = 0;
			shellPath = /bin/sh;
			shellScript = "\"${SRCROOT}/Pods/Target Support Files/Pods-WatchApp Extension/Pods-WatchApp Extension-resources.sh\"\n";
			showEnvVarsInLog = 0;
		};
		FBA8D81CDA45EFAA295B78DC /* [CP] Embed Pods Frameworks */ = {
			isa = PBXShellScriptBuildPhase;
			buildActionMask = 2147483647;
			files = (
			);
			inputPaths = (
				"${SRCROOT}/Pods/Target Support Files/Pods-BeBetterTests/Pods-BeBetterTests-frameworks.sh",
				"${BUILT_PRODUCTS_DIR}/RxCocoa-iOS/RxCocoa.framework",
				"${BUILT_PRODUCTS_DIR}/RxSwift-iOS/RxSwift.framework",
				"${BUILT_PRODUCTS_DIR}/SwiftyJSON-iOS/SwiftyJSON.framework",
				"${BUILT_PRODUCTS_DIR}/RxBlocking/RxBlocking.framework",
				"${BUILT_PRODUCTS_DIR}/RxTest/RxTest.framework",
			);
			name = "[CP] Embed Pods Frameworks";
			outputPaths = (
				"${TARGET_BUILD_DIR}/${FRAMEWORKS_FOLDER_PATH}/RxCocoa.framework",
				"${TARGET_BUILD_DIR}/${FRAMEWORKS_FOLDER_PATH}/RxSwift.framework",
				"${TARGET_BUILD_DIR}/${FRAMEWORKS_FOLDER_PATH}/SwiftyJSON.framework",
				"${TARGET_BUILD_DIR}/${FRAMEWORKS_FOLDER_PATH}/RxBlocking.framework",
				"${TARGET_BUILD_DIR}/${FRAMEWORKS_FOLDER_PATH}/RxTest.framework",
			);
			runOnlyForDeploymentPostprocessing = 0;
			shellPath = /bin/sh;
			shellScript = "\"${SRCROOT}/Pods/Target Support Files/Pods-BeBetterTests/Pods-BeBetterTests-frameworks.sh\"\n";
			showEnvVarsInLog = 0;
		};
		FF74F0F7AF3E58C14EBE5178 /* [CP] Check Pods Manifest.lock */ = {
			isa = PBXShellScriptBuildPhase;
			buildActionMask = 2147483647;
			files = (
			);
			inputPaths = (
				"${PODS_PODFILE_DIR_PATH}/Podfile.lock",
				"${PODS_ROOT}/Manifest.lock",
			);
			name = "[CP] Check Pods Manifest.lock";
			outputPaths = (
				"$(DERIVED_FILE_DIR)/Pods-BeBetter-checkManifestLockResult.txt",
			);
			runOnlyForDeploymentPostprocessing = 0;
			shellPath = /bin/sh;
			shellScript = "diff \"${PODS_PODFILE_DIR_PATH}/Podfile.lock\" \"${PODS_ROOT}/Manifest.lock\" > /dev/null\nif [ $? != 0 ] ; then\n    # print error to STDERR\n    echo \"error: The sandbox is not in sync with the Podfile.lock. Run 'pod install' or update your CocoaPods installation.\" >&2\n    exit 1\nfi\n# This output is used by Xcode 'outputs' to avoid re-running this script phase.\necho \"SUCCESS\" > \"${SCRIPT_OUTPUT_FILE_0}\"\n";
			showEnvVarsInLog = 0;
		};
/* End PBXShellScriptBuildPhase section */

/* Begin PBXSourcesBuildPhase section */
		4FD6C4701B754AF1002F9F90 /* Sources */ = {
			isa = PBXSourcesBuildPhase;
			buildActionMask = 2147483647;
			files = (
				DE369B37213ABAE500AE9381 /* UIView+Extensions.swift in Sources */,
				4FD6C47A1B754AF1002F9F90 /* AppDelegate.swift in Sources */,
				4FD6C49F1B755242002F9F90 /* RootViewController.swift in Sources */,
				DE3639812122172F00634BCC /* WatchConnectivityServer.swift in Sources */,
				4F393A291C3C8BCD00B3EA13 /* main.swift in Sources */,
				DE369B34213AB1D400AE9381 /* Theme.swift in Sources */,
				4FD6C4A01B755242002F9F90 /* InitialViewController.swift in Sources */,
				DE369B3C213AC40A00AE9381 /* Constants.swift in Sources */,
				DE369B3A213AC34500AE9381 /* BetterNavigationController.swift in Sources */,
				DE7BEEB52128562900F11D16 /* Datastore.swift in Sources */,
				DE3639492121B7C800634BCC /* Person.swift in Sources */,
				DE3639442121B63A00634BCC /* FriendsListViewModel.swift in Sources */,
				DEDD1ABC2125B3B4009C61CF /* CompetitionService.swift in Sources */,
				DE3639422121B60B00634BCC /* FriendsListView.swift in Sources */,
				DE7769602126E21F00D02A3C /* HealthMonitor.swift in Sources */,
				DE36394B2121BB1B00634BCC /* FriendTableViewCell.swift in Sources */,
			);
			runOnlyForDeploymentPostprocessing = 0;
		};
		DE3639312121B57C00634BCC /* Sources */ = {
			isa = PBXSourcesBuildPhase;
			buildActionMask = 2147483647;
			files = (
				DE3639382121B57C00634BCC /* BeBetterTests.swift in Sources */,
			);
			runOnlyForDeploymentPostprocessing = 0;
		};
		DE3639582121C60000634BCC /* Sources */ = {
			isa = PBXSourcesBuildPhase;
			buildActionMask = 2147483647;
			files = (
				DE369B38213ABB2F00AE9381 /* Theme.swift in Sources */,
				DEDD1ABF2125BB0D009C61CF /* WatchConnectivityClient.swift in Sources */,
				DE7BEEB621285D8F00F11D16 /* Datastore.swift in Sources */,
				DE36397D21220F8200634BCC /* Person.swift in Sources */,
				DE3639662121C60000634BCC /* NotificationController.swift in Sources */,
				DE369B40213AC47900AE9381 /* Constants.swift in Sources */,
				DE3639642121C60000634BCC /* ExtensionDelegate.swift in Sources */,
				DE3639792121CAB200634BCC /* FriendRow.swift in Sources */,
				DE3639622121C60000634BCC /* InterfaceController.swift in Sources */,
				DE36397C21220F6F00634BCC /* FriendListViewModel.swift in Sources */,
			);
			runOnlyForDeploymentPostprocessing = 0;
		};
/* End PBXSourcesBuildPhase section */

/* Begin PBXTargetDependency section */
		DE36393B2121B57C00634BCC /* PBXTargetDependency */ = {
			isa = PBXTargetDependency;
			target = 4FD6C4731B754AF1002F9F90 /* BeBetter */;
			targetProxy = DE36393A2121B57C00634BCC /* PBXContainerItemProxy */;
		};
		DE36395F2121C60000634BCC /* PBXTargetDependency */ = {
			isa = PBXTargetDependency;
			target = DE36395B2121C60000634BCC /* WatchApp Extension */;
			targetProxy = DE36395E2121C60000634BCC /* PBXContainerItemProxy */;
		};
		DE36396C2121C60000634BCC /* PBXTargetDependency */ = {
			isa = PBXTargetDependency;
			target = DE36394F2121C60000634BCC /* WatchApp */;
			targetProxy = DE36396B2121C60000634BCC /* PBXContainerItemProxy */;
		};
/* End PBXTargetDependency section */

/* Begin PBXVariantGroup section */
		DE3639522121C60000634BCC /* Interface.storyboard */ = {
			isa = PBXVariantGroup;
			children = (
				DE3639532121C60000634BCC /* Base */,
			);
			name = Interface.storyboard;
			sourceTree = "<group>";
		};
/* End PBXVariantGroup section */

/* Begin XCBuildConfiguration section */
		4FD6C4911B754AF1002F9F90 /* Debug */ = {
			isa = XCBuildConfiguration;
			buildSettings = {
				ALWAYS_SEARCH_USER_PATHS = NO;
				CLANG_CXX_LANGUAGE_STANDARD = "gnu++0x";
				CLANG_CXX_LIBRARY = "libc++";
				CLANG_ENABLE_MODULES = YES;
				CLANG_ENABLE_OBJC_ARC = YES;
				CLANG_WARN_BLOCK_CAPTURE_AUTORELEASING = YES;
				CLANG_WARN_BOOL_CONVERSION = YES;
				CLANG_WARN_COMMA = YES;
				CLANG_WARN_CONSTANT_CONVERSION = YES;
				CLANG_WARN_DIRECT_OBJC_ISA_USAGE = YES_ERROR;
				CLANG_WARN_EMPTY_BODY = YES;
				CLANG_WARN_ENUM_CONVERSION = YES;
				CLANG_WARN_INFINITE_RECURSION = YES;
				CLANG_WARN_INT_CONVERSION = YES;
				CLANG_WARN_NON_LITERAL_NULL_CONVERSION = YES;
				CLANG_WARN_OBJC_LITERAL_CONVERSION = YES;
				CLANG_WARN_OBJC_ROOT_CLASS = YES_ERROR;
				CLANG_WARN_RANGE_LOOP_ANALYSIS = YES;
				CLANG_WARN_STRICT_PROTOTYPES = YES;
				CLANG_WARN_SUSPICIOUS_MOVE = YES;
				CLANG_WARN_UNREACHABLE_CODE = YES;
				CLANG_WARN__DUPLICATE_METHOD_MATCH = YES;
				"CODE_SIGN_IDENTITY[sdk=iphoneos*]" = "iPhone Developer";
				COPY_PHASE_STRIP = NO;
				DEBUG_INFORMATION_FORMAT = "dwarf-with-dsym";
				ENABLE_STRICT_OBJC_MSGSEND = YES;
				ENABLE_TESTABILITY = YES;
				GCC_C_LANGUAGE_STANDARD = gnu99;
				GCC_DYNAMIC_NO_PIC = NO;
				GCC_NO_COMMON_BLOCKS = YES;
				GCC_OPTIMIZATION_LEVEL = 0;
				GCC_PREPROCESSOR_DEFINITIONS = (
					"DEBUG=1",
					"$(inherited)",
				);
				GCC_SYMBOLS_PRIVATE_EXTERN = NO;
				GCC_WARN_64_TO_32_BIT_CONVERSION = YES;
				GCC_WARN_ABOUT_RETURN_TYPE = YES_ERROR;
				GCC_WARN_UNDECLARED_SELECTOR = YES;
				GCC_WARN_UNINITIALIZED_AUTOS = YES_AGGRESSIVE;
				GCC_WARN_UNUSED_FUNCTION = YES;
				GCC_WARN_UNUSED_VARIABLE = YES;
				IPHONEOS_DEPLOYMENT_TARGET = 10.0;
				MTL_ENABLE_DEBUG_INFO = YES;
				ONLY_ACTIVE_ARCH = YES;
				SDKROOT = iphoneos;
				SWIFT_OPTIMIZATION_LEVEL = "-Onone";
				SWIFT_SWIFT3_OBJC_INFERENCE = Default;
				TARGETED_DEVICE_FAMILY = "1,2";
			};
			name = Debug;
		};
		4FD6C4921B754AF1002F9F90 /* Release */ = {
			isa = XCBuildConfiguration;
			buildSettings = {
				ALWAYS_SEARCH_USER_PATHS = NO;
				CLANG_CXX_LANGUAGE_STANDARD = "gnu++0x";
				CLANG_CXX_LIBRARY = "libc++";
				CLANG_ENABLE_MODULES = YES;
				CLANG_ENABLE_OBJC_ARC = YES;
				CLANG_WARN_BLOCK_CAPTURE_AUTORELEASING = YES;
				CLANG_WARN_BOOL_CONVERSION = YES;
				CLANG_WARN_COMMA = YES;
				CLANG_WARN_CONSTANT_CONVERSION = YES;
				CLANG_WARN_DIRECT_OBJC_ISA_USAGE = YES_ERROR;
				CLANG_WARN_EMPTY_BODY = YES;
				CLANG_WARN_ENUM_CONVERSION = YES;
				CLANG_WARN_INFINITE_RECURSION = YES;
				CLANG_WARN_INT_CONVERSION = YES;
				CLANG_WARN_NON_LITERAL_NULL_CONVERSION = YES;
				CLANG_WARN_OBJC_LITERAL_CONVERSION = YES;
				CLANG_WARN_OBJC_ROOT_CLASS = YES_ERROR;
				CLANG_WARN_RANGE_LOOP_ANALYSIS = YES;
				CLANG_WARN_STRICT_PROTOTYPES = YES;
				CLANG_WARN_SUSPICIOUS_MOVE = YES;
				CLANG_WARN_UNREACHABLE_CODE = YES;
				CLANG_WARN__DUPLICATE_METHOD_MATCH = YES;
				"CODE_SIGN_IDENTITY[sdk=iphoneos*]" = "iPhone Developer";
				COPY_PHASE_STRIP = NO;
				DEBUG_INFORMATION_FORMAT = "dwarf-with-dsym";
				ENABLE_NS_ASSERTIONS = NO;
				ENABLE_STRICT_OBJC_MSGSEND = YES;
				GCC_C_LANGUAGE_STANDARD = gnu99;
				GCC_NO_COMMON_BLOCKS = YES;
				GCC_WARN_64_TO_32_BIT_CONVERSION = YES;
				GCC_WARN_ABOUT_RETURN_TYPE = YES_ERROR;
				GCC_WARN_UNDECLARED_SELECTOR = YES;
				GCC_WARN_UNINITIALIZED_AUTOS = YES_AGGRESSIVE;
				GCC_WARN_UNUSED_FUNCTION = YES;
				GCC_WARN_UNUSED_VARIABLE = YES;
				IPHONEOS_DEPLOYMENT_TARGET = 10.0;
				MTL_ENABLE_DEBUG_INFO = NO;
				SDKROOT = iphoneos;
				SWIFT_OPTIMIZATION_LEVEL = "-Owholemodule";
				SWIFT_SWIFT3_OBJC_INFERENCE = Default;
				TARGETED_DEVICE_FAMILY = "1,2";
				VALIDATE_PRODUCT = YES;
			};
			name = Release;
		};
		4FD6C4941B754AF1002F9F90 /* Debug */ = {
			isa = XCBuildConfiguration;
			baseConfigurationReference = 762732C14CFE40A989C3AD70 /* Pods-BeBetter.debug.xcconfig */;
			buildSettings = {
				ASSETCATALOG_COMPILER_APPICON_NAME = AppIcon;
				ASSETCATALOG_COMPILER_LAUNCHIMAGE_NAME = LaunchImage;
				CODE_SIGN_ENTITLEMENTS = BeBetter/BeBetter.entitlements;
				DEVELOPMENT_TEAM = H4Z65L8CYB;
				INFOPLIST_FILE = BeBetter/Info.plist;
				IPHONEOS_DEPLOYMENT_TARGET = 10.0;
				LD_RUNPATH_SEARCH_PATHS = "$(inherited) @executable_path/Frameworks";
				PRODUCT_BUNDLE_IDENTIFIER = com.salesforce.better;
				PRODUCT_NAME = "$(TARGET_NAME)";
				SWIFT_OBJC_BRIDGING_HEADER = "BeBetter/Bridging-Header.h";
				SWIFT_SWIFT3_OBJC_INFERENCE = Default;
				SWIFT_VERSION = 4.0;
			};
			name = Debug;
		};
		4FD6C4951B754AF1002F9F90 /* Release */ = {
			isa = XCBuildConfiguration;
			baseConfigurationReference = 045D1C5BC2F1EADFDFB3671E /* Pods-BeBetter.release.xcconfig */;
			buildSettings = {
				ASSETCATALOG_COMPILER_APPICON_NAME = AppIcon;
				ASSETCATALOG_COMPILER_LAUNCHIMAGE_NAME = LaunchImage;
				CODE_SIGN_ENTITLEMENTS = BeBetter/BeBetter.entitlements;
				DEVELOPMENT_TEAM = H4Z65L8CYB;
				INFOPLIST_FILE = BeBetter/Info.plist;
				IPHONEOS_DEPLOYMENT_TARGET = 10.0;
				LD_RUNPATH_SEARCH_PATHS = "$(inherited) @executable_path/Frameworks";
				PRODUCT_BUNDLE_IDENTIFIER = com.salesforce.better;
				PRODUCT_NAME = "$(TARGET_NAME)";
				SWIFT_OBJC_BRIDGING_HEADER = "BeBetter/Bridging-Header.h";
				SWIFT_SWIFT3_OBJC_INFERENCE = Default;
				SWIFT_VERSION = 4.0;
			};
			name = Release;
		};
		DE36393C2121B57C00634BCC /* Debug */ = {
			isa = XCBuildConfiguration;
			baseConfigurationReference = 779CC1D99EC9F3DC72658614 /* Pods-BeBetterTests.debug.xcconfig */;
			buildSettings = {
				BUNDLE_LOADER = "$(TEST_HOST)";
				CLANG_ANALYZER_NONNULL = YES;
				CLANG_ANALYZER_NUMBER_OBJECT_CONVERSION = YES_AGGRESSIVE;
				CLANG_CXX_LANGUAGE_STANDARD = "gnu++14";
				CLANG_WARN_DOCUMENTATION_COMMENTS = YES;
				CLANG_WARN_UNGUARDED_AVAILABILITY = YES_AGGRESSIVE;
				CODE_SIGN_IDENTITY = "iPhone Developer";
				CODE_SIGN_STYLE = Automatic;
				DEBUG_INFORMATION_FORMAT = dwarf;
				GCC_C_LANGUAGE_STANDARD = gnu11;
				INFOPLIST_FILE = BeBetterTests/Info.plist;
				IPHONEOS_DEPLOYMENT_TARGET = 11.2;
				LD_RUNPATH_SEARCH_PATHS = "$(inherited) @executable_path/Frameworks @loader_path/Frameworks";
				PRODUCT_BUNDLE_IDENTIFIER = com.salesforce.BeBetterTests;
				PRODUCT_NAME = "$(TARGET_NAME)";
				SWIFT_ACTIVE_COMPILATION_CONDITIONS = DEBUG;
				SWIFT_VERSION = 4.0;
				TARGETED_DEVICE_FAMILY = "1,2";
				TEST_HOST = "$(BUILT_PRODUCTS_DIR)/BeBetter.app/BeBetter";
			};
			name = Debug;
		};
		DE36393D2121B57C00634BCC /* Release */ = {
			isa = XCBuildConfiguration;
			baseConfigurationReference = 65BC930FAC42C678E933E276 /* Pods-BeBetterTests.release.xcconfig */;
			buildSettings = {
				BUNDLE_LOADER = "$(TEST_HOST)";
				CLANG_ANALYZER_NONNULL = YES;
				CLANG_ANALYZER_NUMBER_OBJECT_CONVERSION = YES_AGGRESSIVE;
				CLANG_CXX_LANGUAGE_STANDARD = "gnu++14";
				CLANG_WARN_DOCUMENTATION_COMMENTS = YES;
				CLANG_WARN_UNGUARDED_AVAILABILITY = YES_AGGRESSIVE;
				CODE_SIGN_IDENTITY = "iPhone Developer";
				CODE_SIGN_STYLE = Automatic;
				GCC_C_LANGUAGE_STANDARD = gnu11;
				INFOPLIST_FILE = BeBetterTests/Info.plist;
				IPHONEOS_DEPLOYMENT_TARGET = 11.2;
				LD_RUNPATH_SEARCH_PATHS = "$(inherited) @executable_path/Frameworks @loader_path/Frameworks";
				PRODUCT_BUNDLE_IDENTIFIER = com.salesforce.BeBetterTests;
				PRODUCT_NAME = "$(TARGET_NAME)";
				SWIFT_VERSION = 4.0;
				TARGETED_DEVICE_FAMILY = "1,2";
				TEST_HOST = "$(BUILT_PRODUCTS_DIR)/BeBetter.app/BeBetter";
			};
			name = Release;
		};
		DE36396F2121C60000634BCC /* Debug */ = {
			isa = XCBuildConfiguration;
			baseConfigurationReference = 7C42BB1A0B36D1583E8D6915 /* Pods-WatchApp Extension.debug.xcconfig */;
			buildSettings = {
				ASSETCATALOG_COMPILER_COMPLICATION_NAME = Complication;
				CLANG_ANALYZER_NONNULL = YES;
				CLANG_ANALYZER_NUMBER_OBJECT_CONVERSION = YES_AGGRESSIVE;
				CLANG_CXX_LANGUAGE_STANDARD = "gnu++14";
				CLANG_WARN_DOCUMENTATION_COMMENTS = YES;
				CLANG_WARN_UNGUARDED_AVAILABILITY = YES_AGGRESSIVE;
				CODE_SIGN_STYLE = Automatic;
				DEBUG_INFORMATION_FORMAT = dwarf;
				DEVELOPMENT_TEAM = H4Z65L8CYB;
				GCC_C_LANGUAGE_STANDARD = gnu11;
				INFOPLIST_FILE = "WatchApp Extension/Info.plist";
				LD_RUNPATH_SEARCH_PATHS = "$(inherited) @executable_path/Frameworks @executable_path/../../Frameworks";
				PRODUCT_BUNDLE_IDENTIFIER = com.salesforce.better.watchkitapp.watchkitextension;
				PRODUCT_NAME = "${TARGET_NAME}";
				SDKROOT = watchos;
				SKIP_INSTALL = YES;
				SWIFT_ACTIVE_COMPILATION_CONDITIONS = DEBUG;
				SWIFT_VERSION = 4.0;
				TARGETED_DEVICE_FAMILY = 4;
				WATCHOS_DEPLOYMENT_TARGET = 4.2;
			};
			name = Debug;
		};
		DE3639702121C60000634BCC /* Release */ = {
			isa = XCBuildConfiguration;
			baseConfigurationReference = 1910FB80C50028BB9F05E451 /* Pods-WatchApp Extension.release.xcconfig */;
			buildSettings = {
				ASSETCATALOG_COMPILER_COMPLICATION_NAME = Complication;
				CLANG_ANALYZER_NONNULL = YES;
				CLANG_ANALYZER_NUMBER_OBJECT_CONVERSION = YES_AGGRESSIVE;
				CLANG_CXX_LANGUAGE_STANDARD = "gnu++14";
				CLANG_WARN_DOCUMENTATION_COMMENTS = YES;
				CLANG_WARN_UNGUARDED_AVAILABILITY = YES_AGGRESSIVE;
				CODE_SIGN_STYLE = Automatic;
				DEVELOPMENT_TEAM = H4Z65L8CYB;
				GCC_C_LANGUAGE_STANDARD = gnu11;
				INFOPLIST_FILE = "WatchApp Extension/Info.plist";
				LD_RUNPATH_SEARCH_PATHS = "$(inherited) @executable_path/Frameworks @executable_path/../../Frameworks";
				PRODUCT_BUNDLE_IDENTIFIER = com.salesforce.better.watchkitapp.watchkitextension;
				PRODUCT_NAME = "${TARGET_NAME}";
				SDKROOT = watchos;
				SKIP_INSTALL = YES;
				SWIFT_VERSION = 4.0;
				TARGETED_DEVICE_FAMILY = 4;
				WATCHOS_DEPLOYMENT_TARGET = 4.2;
			};
			name = Release;
		};
		DE3639732121C60000634BCC /* Debug */ = {
			isa = XCBuildConfiguration;
			buildSettings = {
				ALWAYS_EMBED_SWIFT_STANDARD_LIBRARIES = YES;
				ASSETCATALOG_COMPILER_APPICON_NAME = AppIcon;
				CLANG_ANALYZER_NONNULL = YES;
				CLANG_ANALYZER_NUMBER_OBJECT_CONVERSION = YES_AGGRESSIVE;
				CLANG_CXX_LANGUAGE_STANDARD = "gnu++14";
				CLANG_WARN_DOCUMENTATION_COMMENTS = YES;
				CLANG_WARN_UNGUARDED_AVAILABILITY = YES_AGGRESSIVE;
				CODE_SIGN_STYLE = Automatic;
				DEBUG_INFORMATION_FORMAT = dwarf;
				DEVELOPMENT_TEAM = H4Z65L8CYB;
				GCC_C_LANGUAGE_STANDARD = gnu11;
				IBSC_MODULE = WatchApp_Extension;
				INFOPLIST_FILE = WatchApp/Info.plist;
				PRODUCT_BUNDLE_IDENTIFIER = com.salesforce.better.watchkitapp;
				PRODUCT_NAME = "$(TARGET_NAME)";
				SDKROOT = watchos;
				SKIP_INSTALL = YES;
				SWIFT_ACTIVE_COMPILATION_CONDITIONS = DEBUG;
				SWIFT_VERSION = 4.0;
				TARGETED_DEVICE_FAMILY = 4;
				WATCHOS_DEPLOYMENT_TARGET = 4.2;
			};
			name = Debug;
		};
		DE3639742121C60000634BCC /* Release */ = {
			isa = XCBuildConfiguration;
			buildSettings = {
				ALWAYS_EMBED_SWIFT_STANDARD_LIBRARIES = YES;
				ASSETCATALOG_COMPILER_APPICON_NAME = AppIcon;
				CLANG_ANALYZER_NONNULL = YES;
				CLANG_ANALYZER_NUMBER_OBJECT_CONVERSION = YES_AGGRESSIVE;
				CLANG_CXX_LANGUAGE_STANDARD = "gnu++14";
				CLANG_WARN_DOCUMENTATION_COMMENTS = YES;
				CLANG_WARN_UNGUARDED_AVAILABILITY = YES_AGGRESSIVE;
				CODE_SIGN_STYLE = Automatic;
				DEVELOPMENT_TEAM = H4Z65L8CYB;
				GCC_C_LANGUAGE_STANDARD = gnu11;
				IBSC_MODULE = WatchApp_Extension;
				INFOPLIST_FILE = WatchApp/Info.plist;
				PRODUCT_BUNDLE_IDENTIFIER = com.salesforce.better.watchkitapp;
				PRODUCT_NAME = "$(TARGET_NAME)";
				SDKROOT = watchos;
				SKIP_INSTALL = YES;
				SWIFT_VERSION = 4.0;
				TARGETED_DEVICE_FAMILY = 4;
				WATCHOS_DEPLOYMENT_TARGET = 4.2;
			};
			name = Release;
		};
/* End XCBuildConfiguration section */

/* Begin XCConfigurationList section */
		4FD6C46F1B754AF1002F9F90 /* Build configuration list for PBXProject "BeBetter" */ = {
			isa = XCConfigurationList;
			buildConfigurations = (
				4FD6C4911B754AF1002F9F90 /* Debug */,
				4FD6C4921B754AF1002F9F90 /* Release */,
			);
			defaultConfigurationIsVisible = 0;
			defaultConfigurationName = Release;
		};
		4FD6C4931B754AF1002F9F90 /* Build configuration list for PBXNativeTarget "BeBetter" */ = {
			isa = XCConfigurationList;
			buildConfigurations = (
				4FD6C4941B754AF1002F9F90 /* Debug */,
				4FD6C4951B754AF1002F9F90 /* Release */,
			);
			defaultConfigurationIsVisible = 0;
			defaultConfigurationName = Release;
		};
		DE36393E2121B57C00634BCC /* Build configuration list for PBXNativeTarget "BeBetterTests" */ = {
			isa = XCConfigurationList;
			buildConfigurations = (
				DE36393C2121B57C00634BCC /* Debug */,
				DE36393D2121B57C00634BCC /* Release */,
			);
			defaultConfigurationIsVisible = 0;
			defaultConfigurationName = Release;
		};
		DE36396E2121C60000634BCC /* Build configuration list for PBXNativeTarget "WatchApp Extension" */ = {
			isa = XCConfigurationList;
			buildConfigurations = (
				DE36396F2121C60000634BCC /* Debug */,
				DE3639702121C60000634BCC /* Release */,
			);
			defaultConfigurationIsVisible = 0;
			defaultConfigurationName = Release;
		};
		DE3639722121C60000634BCC /* Build configuration list for PBXNativeTarget "WatchApp" */ = {
			isa = XCConfigurationList;
			buildConfigurations = (
				DE3639732121C60000634BCC /* Debug */,
				DE3639742121C60000634BCC /* Release */,
			);
			defaultConfigurationIsVisible = 0;
			defaultConfigurationName = Release;
		};
/* End XCConfigurationList section */
	};
	rootObject = 4FD6C46C1B754AF1002F9F90 /* Project object */;
}
